// !$*UTF8*$!
{
	archiveVersion = 1;
	classes = {
	};
	objectVersion = 46;
	objects = {

/* Begin PBXBuildFile section */
		4479AC0D18D21E7C00DA7A04 /* Foundation.framework in Frameworks */ = {isa = PBXBuildFile; fileRef = 4479AC0C18D21E7C00DA7A04 /* Foundation.framework */; };
		4479AC0F18D21E7C00DA7A04 /* CoreGraphics.framework in Frameworks */ = {isa = PBXBuildFile; fileRef = 4479AC0E18D21E7C00DA7A04 /* CoreGraphics.framework */; };
		4479AC1118D21E7C00DA7A04 /* UIKit.framework in Frameworks */ = {isa = PBXBuildFile; fileRef = 4479AC1018D21E7C00DA7A04 /* UIKit.framework */; };
		4479AC1718D21E7C00DA7A04 /* InfoPlist.strings in Resources */ = {isa = PBXBuildFile; fileRef = 4479AC1518D21E7C00DA7A04 /* InfoPlist.strings */; };
		4479AC1918D21E7C00DA7A04 /* main.m in Sources */ = {isa = PBXBuildFile; fileRef = 4479AC1818D21E7C00DA7A04 /* main.m */; };
		4479AC1D18D21E7C00DA7A04 /* AppDelegate.m in Sources */ = {isa = PBXBuildFile; fileRef = 4479AC1C18D21E7C00DA7A04 /* AppDelegate.m */; };
		4479AC2018D21E7C00DA7A04 /* Main.storyboard in Resources */ = {isa = PBXBuildFile; fileRef = 4479AC1E18D21E7C00DA7A04 /* Main.storyboard */; };
		4479AC2318D21E7C00DA7A04 /* FirstViewController.m in Sources */ = {isa = PBXBuildFile; fileRef = 4479AC2218D21E7C00DA7A04 /* FirstViewController.m */; };
		4479AC2518D21E7C00DA7A04 /* Images.xcassets in Resources */ = {isa = PBXBuildFile; fileRef = 4479AC2418D21E7C00DA7A04 /* Images.xcassets */; };
		4479AC2C18D21E7D00DA7A04 /* XCTest.framework in Frameworks */ = {isa = PBXBuildFile; fileRef = 4479AC2B18D21E7D00DA7A04 /* XCTest.framework */; };
		4479AC2D18D21E7D00DA7A04 /* Foundation.framework in Frameworks */ = {isa = PBXBuildFile; fileRef = 4479AC0C18D21E7C00DA7A04 /* Foundation.framework */; };
		4479AC2E18D21E7D00DA7A04 /* UIKit.framework in Frameworks */ = {isa = PBXBuildFile; fileRef = 4479AC1018D21E7C00DA7A04 /* UIKit.framework */; };
		4479AC3618D21E7D00DA7A04 /* InfoPlist.strings in Resources */ = {isa = PBXBuildFile; fileRef = 4479AC3418D21E7D00DA7A04 /* InfoPlist.strings */; };
		4479AC3818D21E7D00DA7A04 /* SideMenuTests.m in Sources */ = {isa = PBXBuildFile; fileRef = 4479AC3718D21E7D00DA7A04 /* SideMenuTests.m */; };
		4479AC4318D267AB00DA7A04 /* MenuViewController.m in Sources */ = {isa = PBXBuildFile; fileRef = 4479AC4218D267AB00DA7A04 /* MenuViewController.m */; };
		4479AC5218D2705F00DA7A04 /* ECPercentDrivenInteractiveTransition.m in Sources */ = {isa = PBXBuildFile; fileRef = 4479AC4618D2705F00DA7A04 /* ECPercentDrivenInteractiveTransition.m */; };
		4479AC5318D2705F00DA7A04 /* ECSlidingAnimationController.m in Sources */ = {isa = PBXBuildFile; fileRef = 4479AC4818D2705F00DA7A04 /* ECSlidingAnimationController.m */; };
		4479AC5418D2705F00DA7A04 /* ECSlidingInteractiveTransition.m in Sources */ = {isa = PBXBuildFile; fileRef = 4479AC4B18D2705F00DA7A04 /* ECSlidingInteractiveTransition.m */; };
		4479AC5518D2705F00DA7A04 /* ECSlidingSegue.m in Sources */ = {isa = PBXBuildFile; fileRef = 4479AC4D18D2705F00DA7A04 /* ECSlidingSegue.m */; };
		4479AC5618D2705F00DA7A04 /* ECSlidingViewController.m in Sources */ = {isa = PBXBuildFile; fileRef = 4479AC4F18D2705F00DA7A04 /* ECSlidingViewController.m */; };
		4479AC5718D2705F00DA7A04 /* UIViewController+ECSlidingViewController.m in Sources */ = {isa = PBXBuildFile; fileRef = 4479AC5118D2705F00DA7A04 /* UIViewController+ECSlidingViewController.m */; };
/* End PBXBuildFile section */

/* Begin PBXContainerItemProxy section */
		4479AC2F18D21E7D00DA7A04 /* PBXContainerItemProxy */ = {
			isa = PBXContainerItemProxy;
			containerPortal = 4479AC0118D21E7C00DA7A04 /* Project object */;
			proxyType = 1;
			remoteGlobalIDString = 4479AC0818D21E7C00DA7A04;
			remoteInfo = SideMenu;
		};
/* End PBXContainerItemProxy section */

/* Begin PBXFileReference section */
		4479AC0918D21E7C00DA7A04 /* SideMenu.app */ = {isa = PBXFileReference; explicitFileType = wrapper.application; includeInIndex = 0; path = SideMenu.app; sourceTree = BUILT_PRODUCTS_DIR; };
		4479AC0C18D21E7C00DA7A04 /* Foundation.framework */ = {isa = PBXFileReference; lastKnownFileType = wrapper.framework; name = Foundation.framework; path = System/Library/Frameworks/Foundation.framework; sourceTree = SDKROOT; };
		4479AC0E18D21E7C00DA7A04 /* CoreGraphics.framework */ = {isa = PBXFileReference; lastKnownFileType = wrapper.framework; name = CoreGraphics.framework; path = System/Library/Frameworks/CoreGraphics.framework; sourceTree = SDKROOT; };
		4479AC1018D21E7C00DA7A04 /* UIKit.framework */ = {isa = PBXFileReference; lastKnownFileType = wrapper.framework; name = UIKit.framework; path = System/Library/Frameworks/UIKit.framework; sourceTree = SDKROOT; };
		4479AC1418D21E7C00DA7A04 /* SideMenu-Info.plist */ = {isa = PBXFileReference; lastKnownFileType = text.plist.xml; path = "SideMenu-Info.plist"; sourceTree = "<group>"; };
		4479AC1618D21E7C00DA7A04 /* en */ = {isa = PBXFileReference; lastKnownFileType = text.plist.strings; name = en; path = en.lproj/InfoPlist.strings; sourceTree = "<group>"; };
		4479AC1818D21E7C00DA7A04 /* main.m */ = {isa = PBXFileReference; lastKnownFileType = sourcecode.c.objc; path = main.m; sourceTree = "<group>"; };
		4479AC1A18D21E7C00DA7A04 /* SideMenu-Prefix.pch */ = {isa = PBXFileReference; lastKnownFileType = sourcecode.c.h; path = "SideMenu-Prefix.pch"; sourceTree = "<group>"; };
		4479AC1B18D21E7C00DA7A04 /* AppDelegate.h */ = {isa = PBXFileReference; lastKnownFileType = sourcecode.c.h; path = AppDelegate.h; sourceTree = "<group>"; };
		4479AC1C18D21E7C00DA7A04 /* AppDelegate.m */ = {isa = PBXFileReference; lastKnownFileType = sourcecode.c.objc; path = AppDelegate.m; sourceTree = "<group>"; };
		4479AC1F18D21E7C00DA7A04 /* Base */ = {isa = PBXFileReference; lastKnownFileType = file.storyboard; name = Base; path = Base.lproj/Main.storyboard; sourceTree = "<group>"; };
		4479AC2118D21E7C00DA7A04 /* FirstViewController.h */ = {isa = PBXFileReference; lastKnownFileType = sourcecode.c.h; path = FirstViewController.h; sourceTree = "<group>"; };
		4479AC2218D21E7C00DA7A04 /* FirstViewController.m */ = {isa = PBXFileReference; lastKnownFileType = sourcecode.c.objc; path = FirstViewController.m; sourceTree = "<group>"; };
		4479AC2418D21E7C00DA7A04 /* Images.xcassets */ = {isa = PBXFileReference; lastKnownFileType = folder.assetcatalog; path = Images.xcassets; sourceTree = "<group>"; };
		4479AC2A18D21E7D00DA7A04 /* SideMenuTests.xctest */ = {isa = PBXFileReference; explicitFileType = wrapper.cfbundle; includeInIndex = 0; path = SideMenuTests.xctest; sourceTree = BUILT_PRODUCTS_DIR; };
		4479AC2B18D21E7D00DA7A04 /* XCTest.framework */ = {isa = PBXFileReference; lastKnownFileType = wrapper.framework; name = XCTest.framework; path = Library/Frameworks/XCTest.framework; sourceTree = DEVELOPER_DIR; };
		4479AC3318D21E7D00DA7A04 /* SideMenuTests-Info.plist */ = {isa = PBXFileReference; lastKnownFileType = text.plist.xml; path = "SideMenuTests-Info.plist"; sourceTree = "<group>"; };
		4479AC3518D21E7D00DA7A04 /* en */ = {isa = PBXFileReference; lastKnownFileType = text.plist.strings; name = en; path = en.lproj/InfoPlist.strings; sourceTree = "<group>"; };
		4479AC3718D21E7D00DA7A04 /* SideMenuTests.m */ = {isa = PBXFileReference; lastKnownFileType = sourcecode.c.objc; path = SideMenuTests.m; sourceTree = "<group>"; };
		4479AC4118D267AB00DA7A04 /* MenuViewController.h */ = {isa = PBXFileReference; fileEncoding = 4; lastKnownFileType = sourcecode.c.h; path = MenuViewController.h; sourceTree = "<group>"; };
		4479AC4218D267AB00DA7A04 /* MenuViewController.m */ = {isa = PBXFileReference; fileEncoding = 4; lastKnownFileType = sourcecode.c.objc; path = MenuViewController.m; sourceTree = "<group>"; };
		4479AC4518D2705F00DA7A04 /* ECPercentDrivenInteractiveTransition.h */ = {isa = PBXFileReference; fileEncoding = 4; lastKnownFileType = sourcecode.c.h; path = ECPercentDrivenInteractiveTransition.h; sourceTree = "<group>"; };
		4479AC4618D2705F00DA7A04 /* ECPercentDrivenInteractiveTransition.m */ = {isa = PBXFileReference; fileEncoding = 4; lastKnownFileType = sourcecode.c.objc; path = ECPercentDrivenInteractiveTransition.m; sourceTree = "<group>"; };
		4479AC4718D2705F00DA7A04 /* ECSlidingAnimationController.h */ = {isa = PBXFileReference; fileEncoding = 4; lastKnownFileType = sourcecode.c.h; path = ECSlidingAnimationController.h; sourceTree = "<group>"; };
		4479AC4818D2705F00DA7A04 /* ECSlidingAnimationController.m */ = {isa = PBXFileReference; fileEncoding = 4; lastKnownFileType = sourcecode.c.objc; path = ECSlidingAnimationController.m; sourceTree = "<group>"; };
		4479AC4918D2705F00DA7A04 /* ECSlidingConstants.h */ = {isa = PBXFileReference; fileEncoding = 4; lastKnownFileType = sourcecode.c.h; path = ECSlidingConstants.h; sourceTree = "<group>"; };
		4479AC4A18D2705F00DA7A04 /* ECSlidingInteractiveTransition.h */ = {isa = PBXFileReference; fileEncoding = 4; lastKnownFileType = sourcecode.c.h; path = ECSlidingInteractiveTransition.h; sourceTree = "<group>"; };
		4479AC4B18D2705F00DA7A04 /* ECSlidingInteractiveTransition.m */ = {isa = PBXFileReference; fileEncoding = 4; lastKnownFileType = sourcecode.c.objc; path = ECSlidingInteractiveTransition.m; sourceTree = "<group>"; };
		4479AC4C18D2705F00DA7A04 /* ECSlidingSegue.h */ = {isa = PBXFileReference; fileEncoding = 4; lastKnownFileType = sourcecode.c.h; path = ECSlidingSegue.h; sourceTree = "<group>"; };
		4479AC4D18D2705F00DA7A04 /* ECSlidingSegue.m */ = {isa = PBXFileReference; fileEncoding = 4; lastKnownFileType = sourcecode.c.objc; path = ECSlidingSegue.m; sourceTree = "<group>"; };
		4479AC4E18D2705F00DA7A04 /* ECSlidingViewController.h */ = {isa = PBXFileReference; fileEncoding = 4; lastKnownFileType = sourcecode.c.h; path = ECSlidingViewController.h; sourceTree = "<group>"; };
		4479AC4F18D2705F00DA7A04 /* ECSlidingViewController.m */ = {isa = PBXFileReference; fileEncoding = 4; lastKnownFileType = sourcecode.c.objc; path = ECSlidingViewController.m; sourceTree = "<group>"; };
		4479AC5018D2705F00DA7A04 /* UIViewController+ECSlidingViewController.h */ = {isa = PBXFileReference; fileEncoding = 4; lastKnownFileType = sourcecode.c.h; path = "UIViewController+ECSlidingViewController.h"; sourceTree = "<group>"; };
		4479AC5118D2705F00DA7A04 /* UIViewController+ECSlidingViewController.m */ = {isa = PBXFileReference; fileEncoding = 4; lastKnownFileType = sourcecode.c.objc; path = "UIViewController+ECSlidingViewController.m"; sourceTree = "<group>"; };
/* End PBXFileReference section */

/* Begin PBXFrameworksBuildPhase section */
		4479AC0618D21E7C00DA7A04 /* Frameworks */ = {
			isa = PBXFrameworksBuildPhase;
			buildActionMask = 2147483647;
			files = (
				4479AC0F18D21E7C00DA7A04 /* CoreGraphics.framework in Frameworks */,
				4479AC1118D21E7C00DA7A04 /* UIKit.framework in Frameworks */,
				4479AC0D18D21E7C00DA7A04 /* Foundation.framework in Frameworks */,
			);
			runOnlyForDeploymentPostprocessing = 0;
		};
		4479AC2718D21E7D00DA7A04 /* Frameworks */ = {
			isa = PBXFrameworksBuildPhase;
			buildActionMask = 2147483647;
			files = (
				4479AC2C18D21E7D00DA7A04 /* XCTest.framework in Frameworks */,
				4479AC2E18D21E7D00DA7A04 /* UIKit.framework in Frameworks */,
				4479AC2D18D21E7D00DA7A04 /* Foundation.framework in Frameworks */,
			);
			runOnlyForDeploymentPostprocessing = 0;
		};
/* End PBXFrameworksBuildPhase section */

/* Begin PBXGroup section */
		4479AC0018D21E7C00DA7A04 = {
			isa = PBXGroup;
			children = (
				4479AC1218D21E7C00DA7A04 /* SideMenu */,
				4479AC3118D21E7D00DA7A04 /* SideMenuTests */,
				4479AC0B18D21E7C00DA7A04 /* Frameworks */,
				4479AC0A18D21E7C00DA7A04 /* Products */,
			);
			sourceTree = "<group>";
		};
		4479AC0A18D21E7C00DA7A04 /* Products */ = {
			isa = PBXGroup;
			children = (
				4479AC0918D21E7C00DA7A04 /* SideMenu.app */,
				4479AC2A18D21E7D00DA7A04 /* SideMenuTests.xctest */,
			);
			name = Products;
			sourceTree = "<group>";
		};
		4479AC0B18D21E7C00DA7A04 /* Frameworks */ = {
			isa = PBXGroup;
			children = (
				4479AC0C18D21E7C00DA7A04 /* Foundation.framework */,
				4479AC0E18D21E7C00DA7A04 /* CoreGraphics.framework */,
				4479AC1018D21E7C00DA7A04 /* UIKit.framework */,
				4479AC2B18D21E7D00DA7A04 /* XCTest.framework */,
			);
			name = Frameworks;
			sourceTree = "<group>";
		};
		4479AC1218D21E7C00DA7A04 /* SideMenu */ = {
			isa = PBXGroup;
			children = (
				4479AC4418D2705F00DA7A04 /* ECSlidingViewController */,
				4479AC1B18D21E7C00DA7A04 /* AppDelegate.h */,
				4479AC1C18D21E7C00DA7A04 /* AppDelegate.m */,
				4479AC1E18D21E7C00DA7A04 /* Main.storyboard */,
				4479AC4118D267AB00DA7A04 /* MenuViewController.h */,
				4479AC4218D267AB00DA7A04 /* MenuViewController.m */,
				4479AC2118D21E7C00DA7A04 /* FirstViewController.h */,
				4479AC2218D21E7C00DA7A04 /* FirstViewController.m */,
				4479AC2418D21E7C00DA7A04 /* Images.xcassets */,
				4479AC1318D21E7C00DA7A04 /* Supporting Files */,
			);
			path = SideMenu;
			sourceTree = "<group>";
		};
		4479AC1318D21E7C00DA7A04 /* Supporting Files */ = {
			isa = PBXGroup;
			children = (
				4479AC1418D21E7C00DA7A04 /* SideMenu-Info.plist */,
				4479AC1518D21E7C00DA7A04 /* InfoPlist.strings */,
				4479AC1818D21E7C00DA7A04 /* main.m */,
				4479AC1A18D21E7C00DA7A04 /* SideMenu-Prefix.pch */,
			);
			name = "Supporting Files";
			sourceTree = "<group>";
		};
		4479AC3118D21E7D00DA7A04 /* SideMenuTests */ = {
			isa = PBXGroup;
			children = (
				4479AC3718D21E7D00DA7A04 /* SideMenuTests.m */,
				4479AC3218D21E7D00DA7A04 /* Supporting Files */,
			);
			path = SideMenuTests;
			sourceTree = "<group>";
		};
		4479AC3218D21E7D00DA7A04 /* Supporting Files */ = {
			isa = PBXGroup;
			children = (
				4479AC3318D21E7D00DA7A04 /* SideMenuTests-Info.plist */,
				4479AC3418D21E7D00DA7A04 /* InfoPlist.strings */,
			);
			name = "Supporting Files";
			sourceTree = "<group>";
		};
		4479AC4418D2705F00DA7A04 /* ECSlidingViewController */ = {
			isa = PBXGroup;
			children = (
				4479AC4518D2705F00DA7A04 /* ECPercentDrivenInteractiveTransition.h */,
				4479AC4618D2705F00DA7A04 /* ECPercentDrivenInteractiveTransition.m */,
				4479AC4718D2705F00DA7A04 /* ECSlidingAnimationController.h */,
				4479AC4818D2705F00DA7A04 /* ECSlidingAnimationController.m */,
				4479AC4918D2705F00DA7A04 /* ECSlidingConstants.h */,
				4479AC4A18D2705F00DA7A04 /* ECSlidingInteractiveTransition.h */,
				4479AC4B18D2705F00DA7A04 /* ECSlidingInteractiveTransition.m */,
				4479AC4C18D2705F00DA7A04 /* ECSlidingSegue.h */,
				4479AC4D18D2705F00DA7A04 /* ECSlidingSegue.m */,
				4479AC4E18D2705F00DA7A04 /* ECSlidingViewController.h */,
				4479AC4F18D2705F00DA7A04 /* ECSlidingViewController.m */,
				4479AC5018D2705F00DA7A04 /* UIViewController+ECSlidingViewController.h */,
				4479AC5118D2705F00DA7A04 /* UIViewController+ECSlidingViewController.m */,
			);
			path = ECSlidingViewController;
			sourceTree = "<group>";
		};
/* End PBXGroup section */

/* Begin PBXNativeTarget section */
		4479AC0818D21E7C00DA7A04 /* SideMenu */ = {
			isa = PBXNativeTarget;
			buildConfigurationList = 4479AC3B18D21E7D00DA7A04 /* Build configuration list for PBXNativeTarget "SideMenu" */;
			buildPhases = (
				4479AC0518D21E7C00DA7A04 /* Sources */,
				4479AC0618D21E7C00DA7A04 /* Frameworks */,
				4479AC0718D21E7C00DA7A04 /* Resources */,
			);
			buildRules = (
			);
			dependencies = (
			);
			name = SideMenu;
			productName = SideMenu;
			productReference = 4479AC0918D21E7C00DA7A04 /* SideMenu.app */;
			productType = "com.apple.product-type.application";
		};
		4479AC2918D21E7D00DA7A04 /* SideMenuTests */ = {
			isa = PBXNativeTarget;
			buildConfigurationList = 4479AC3E18D21E7D00DA7A04 /* Build configuration list for PBXNativeTarget "SideMenuTests" */;
			buildPhases = (
				4479AC2618D21E7D00DA7A04 /* Sources */,
				4479AC2718D21E7D00DA7A04 /* Frameworks */,
				4479AC2818D21E7D00DA7A04 /* Resources */,
			);
			buildRules = (
			);
			dependencies = (
				4479AC3018D21E7D00DA7A04 /* PBXTargetDependency */,
			);
			name = SideMenuTests;
			productName = SideMenuTests;
			productReference = 4479AC2A18D21E7D00DA7A04 /* SideMenuTests.xctest */;
			productType = "com.apple.product-type.bundle.unit-test";
		};
/* End PBXNativeTarget section */

/* Begin PBXProject section */
		4479AC0118D21E7C00DA7A04 /* Project object */ = {
			isa = PBXProject;
			attributes = {
				LastUpgradeCheck = 0510;
				ORGANIZATIONNAME = "Maxime Chaillou";
				TargetAttributes = {
					4479AC2918D21E7D00DA7A04 = {
						TestTargetID = 4479AC0818D21E7C00DA7A04;
					};
				};
			};
			buildConfigurationList = 4479AC0418D21E7C00DA7A04 /* Build configuration list for PBXProject "SideMenu" */;
			compatibilityVersion = "Xcode 3.2";
			developmentRegion = English;
			hasScannedForEncodings = 0;
			knownRegions = (
				en,
				Base,
			);
			mainGroup = 4479AC0018D21E7C00DA7A04;
			productRefGroup = 4479AC0A18D21E7C00DA7A04 /* Products */;
			projectDirPath = "";
			projectRoot = "";
			targets = (
				4479AC0818D21E7C00DA7A04 /* SideMenu */,
				4479AC2918D21E7D00DA7A04 /* SideMenuTests */,
			);
		};
/* End PBXProject section */

/* Begin PBXResourcesBuildPhase section */
		4479AC0718D21E7C00DA7A04 /* Resources */ = {
			isa = PBXResourcesBuildPhase;
			buildActionMask = 2147483647;
			files = (
				4479AC2518D21E7C00DA7A04 /* Images.xcassets in Resources */,
				4479AC1718D21E7C00DA7A04 /* InfoPlist.strings in Resources */,
				4479AC2018D21E7C00DA7A04 /* Main.storyboard in Resources */,
			);
			runOnlyForDeploymentPostprocessing = 0;
		};
		4479AC2818D21E7D00DA7A04 /* Resources */ = {
			isa = PBXResourcesBuildPhase;
			buildActionMask = 2147483647;
			files = (
				4479AC3618D21E7D00DA7A04 /* InfoPlist.strings in Resources */,
			);
			runOnlyForDeploymentPostprocessing = 0;
		};
/* End PBXResourcesBuildPhase section */

/* Begin PBXSourcesBuildPhase section */
		4479AC0518D21E7C00DA7A04 /* Sources */ = {
			isa = PBXSourcesBuildPhase;
			buildActionMask = 2147483647;
			files = (
				4479AC2318D21E7C00DA7A04 /* FirstViewController.m in Sources */,
				4479AC5318D2705F00DA7A04 /* ECSlidingAnimationController.m in Sources */,
				4479AC5718D2705F00DA7A04 /* UIViewController+ECSlidingViewController.m in Sources */,
				4479AC5618D2705F00DA7A04 /* ECSlidingViewController.m in Sources */,
				4479AC1D18D21E7C00DA7A04 /* AppDelegate.m in Sources */,
				4479AC5418D2705F00DA7A04 /* ECSlidingInteractiveTransition.m in Sources */,
				4479AC1918D21E7C00DA7A04 /* main.m in Sources */,
				4479AC5218D2705F00DA7A04 /* ECPercentDrivenInteractiveTransition.m in Sources */,
				4479AC5518D2705F00DA7A04 /* ECSlidingSegue.m in Sources */,
				4479AC4318D267AB00DA7A04 /* MenuViewController.m in Sources */,
			);
			runOnlyForDeploymentPostprocessing = 0;
		};
		4479AC2618D21E7D00DA7A04 /* Sources */ = {
			isa = PBXSourcesBuildPhase;
			buildActionMask = 2147483647;
			files = (
				4479AC3818D21E7D00DA7A04 /* SideMenuTests.m in Sources */,
			);
			runOnlyForDeploymentPostprocessing = 0;
		};
/* End PBXSourcesBuildPhase section */

/* Begin PBXTargetDependency section */
		4479AC3018D21E7D00DA7A04 /* PBXTargetDependency */ = {
			isa = PBXTargetDependency;
			target = 4479AC0818D21E7C00DA7A04 /* SideMenu */;
			targetProxy = 4479AC2F18D21E7D00DA7A04 /* PBXContainerItemProxy */;
		};
/* End PBXTargetDependency section */

/* Begin PBXVariantGroup section */
		4479AC1518D21E7C00DA7A04 /* InfoPlist.strings */ = {
			isa = PBXVariantGroup;
			children = (
				4479AC1618D21E7C00DA7A04 /* en */,
			);
			name = InfoPlist.strings;
			sourceTree = "<group>";
		};
		4479AC1E18D21E7C00DA7A04 /* Main.storyboard */ = {
			isa = PBXVariantGroup;
			children = (
				4479AC1F18D21E7C00DA7A04 /* Base */,
			);
			name = Main.storyboard;
			sourceTree = "<group>";
		};
		4479AC3418D21E7D00DA7A04 /* InfoPlist.strings */ = {
			isa = PBXVariantGroup;
			children = (
				4479AC3518D21E7D00DA7A04 /* en */,
			);
			name = InfoPlist.strings;
			sourceTree = "<group>";
		};
/* End PBXVariantGroup section */

/* Begin XCBuildConfiguration section */
		4479AC3918D21E7D00DA7A04 /* Debug */ = {
			isa = XCBuildConfiguration;
			buildSettings = {
				ALWAYS_SEARCH_USER_PATHS = NO;
				CLANG_CXX_LANGUAGE_STANDARD = "gnu++0x";
				CLANG_CXX_LIBRARY = "libc++";
				CLANG_ENABLE_MODULES = YES;
				CLANG_ENABLE_OBJC_ARC = YES;
				CLANG_WARN_BOOL_CONVERSION = YES;
				CLANG_WARN_CONSTANT_CONVERSION = YES;
				CLANG_WARN_DIRECT_OBJC_ISA_USAGE = YES_ERROR;
				CLANG_WARN_EMPTY_BODY = YES;
				CLANG_WARN_ENUM_CONVERSION = YES;
				CLANG_WARN_INT_CONVERSION = YES;
				CLANG_WARN_OBJC_ROOT_CLASS = YES_ERROR;
				CLANG_WARN__DUPLICATE_METHOD_MATCH = YES;
				"CODE_SIGN_IDENTITY[sdk=iphoneos*]" = "iPhone Developer";
				COPY_PHASE_STRIP = NO;
				GCC_C_LANGUAGE_STANDARD = gnu99;
				GCC_DYNAMIC_NO_PIC = NO;
				GCC_OPTIMIZATION_LEVEL = 0;
				GCC_PREPROCESSOR_DEFINITIONS = (
					"DEBUG=1",
					"$(inherited)",
				);
				GCC_SYMBOLS_PRIVATE_EXTERN = NO;
				GCC_WARN_64_TO_32_BIT_CONVERSION = YES;
				GCC_WARN_ABOUT_RETURN_TYPE = YES_ERROR;
				GCC_WARN_UNDECLARED_SELECTOR = YES;
				GCC_WARN_UNINITIALIZED_AUTOS = YES_AGGRESSIVE;
				GCC_WARN_UNUSED_FUNCTION = YES;
				GCC_WARN_UNUSED_VARIABLE = YES;
				IPHONEOS_DEPLOYMENT_TARGET = 7.1;
				ONLY_ACTIVE_ARCH = YES;
				SDKROOT = iphoneos;
			};
			name = Debug;
		};
		4479AC3A18D21E7D00DA7A04 /* Release */ = {
			isa = XCBuildConfiguration;
			buildSettings = {
				ALWAYS_SEARCH_USER_PATHS = NO;
				CLANG_CXX_LANGUAGE_STANDARD = "gnu++0x";
				CLANG_CXX_LIBRARY = "libc++";
				CLANG_ENABLE_MODULES = YES;
				CLANG_ENABLE_OBJC_ARC = YES;
				CLANG_WARN_BOOL_CONVERSION = YES;
				CLANG_WARN_CONSTANT_CONVERSION = YES;
				CLANG_WARN_DIRECT_OBJC_ISA_USAGE = YES_ERROR;
				CLANG_WARN_EMPTY_BODY = YES;
				CLANG_WARN_ENUM_CONVERSION = YES;
				CLANG_WARN_INT_CONVERSION = YES;
				CLANG_WARN_OBJC_ROOT_CLASS = YES_ERROR;
				CLANG_WARN__DUPLICATE_METHOD_MATCH = YES;
				"CODE_SIGN_IDENTITY[sdk=iphoneos*]" = "iPhone Developer";
				COPY_PHASE_STRIP = YES;
				ENABLE_NS_ASSERTIONS = NO;
				GCC_C_LANGUAGE_STANDARD = gnu99;
				GCC_WARN_64_TO_32_BIT_CONVERSION = YES;
				GCC_WARN_ABOUT_RETURN_TYPE = YES_ERROR;
				GCC_WARN_UNDECLARED_SELECTOR = YES;
				GCC_WARN_UNINITIALIZED_AUTOS = YES_AGGRESSIVE;
				GCC_WARN_UNUSED_FUNCTION = YES;
				GCC_WARN_UNUSED_VARIABLE = YES;
				IPHONEOS_DEPLOYMENT_TARGET = 7.1;
				SDKROOT = iphoneos;
				VALIDATE_PRODUCT = YES;
			};
			name = Release;
		};
		4479AC3C18D21E7D00DA7A04 /* Debug */ = {
			isa = XCBuildConfiguration;
			buildSettings = {
				ASSETCATALOG_COMPILER_APPICON_NAME = AppIcon;
				ASSETCATALOG_COMPILER_LAUNCHIMAGE_NAME = LaunchImage;
				GCC_PRECOMPILE_PREFIX_HEADER = YES;
				GCC_PREFIX_HEADER = "SideMenu/SideMenu-Prefix.pch";
				INFOPLIST_FILE = "SideMenu/SideMenu-Info.plist";
				PRODUCT_NAME = "$(TARGET_NAME)";
				WRAPPER_EXTENSION = app;
			};
			name = Debug;
		};
		4479AC3D18D21E7D00DA7A04 /* Release */ = {
			isa = XCBuildConfiguration;
			buildSettings = {
				ASSETCATALOG_COMPILER_APPICON_NAME = AppIcon;
				ASSETCATALOG_COMPILER_LAUNCHIMAGE_NAME = LaunchImage;
				GCC_PRECOMPILE_PREFIX_HEADER = YES;
				GCC_PREFIX_HEADER = "SideMenu/SideMenu-Prefix.pch";
				INFOPLIST_FILE = "SideMenu/SideMenu-Info.plist";
				PRODUCT_NAME = "$(TARGET_NAME)";
				WRAPPER_EXTENSION = app;
			};
			name = Release;
		};
		4479AC3F18D21E7D00DA7A04 /* Debug */ = {
			isa = XCBuildConfiguration;
			buildSettings = {
				BUNDLE_LOADER = "$(BUILT_PRODUCTS_DIR)/SideMenu.app/SideMenu";
				FRAMEWORK_SEARCH_PATHS = (
					"$(SDKROOT)/Developer/Library/Frameworks",
					"$(inherited)",
					"$(DEVELOPER_FRAMEWORKS_DIR)",
				);
				GCC_PRECOMPILE_PREFIX_HEADER = YES;
				GCC_PREFIX_HEADER = "SideMenu/SideMenu-Prefix.pch";
				GCC_PREPROCESSOR_DEFINITIONS = (
					"DEBUG=1",
					"$(inherited)",
				);
				INFOPLIST_FILE = "SideMenuTests/SideMenuTests-Info.plist";
				PRODUCT_NAME = "$(TARGET_NAME)";
				TEST_HOST = "$(BUNDLE_LOADER)";
				WRAPPER_EXTENSION = xctest;
			};
			name = Debug;
		};
		4479AC4018D21E7D00DA7A04 /* Release */ = {
			isa = XCBuildConfiguration;
			buildSettings = {
				BUNDLE_LOADER = "$(BUILT_PRODUCTS_DIR)/SideMenu.app/SideMenu";
				FRAMEWORK_SEARCH_PATHS = (
					"$(SDKROOT)/Developer/Library/Frameworks",
					"$(inherited)",
					"$(DEVELOPER_FRAMEWORKS_DIR)",
				);
				GCC_PRECOMPILE_PREFIX_HEADER = YES;
				GCC_PREFIX_HEADER = "SideMenu/SideMenu-Prefix.pch";
				INFOPLIST_FILE = "SideMenuTests/SideMenuTests-Info.plist";
				PRODUCT_NAME = "$(TARGET_NAME)";
				TEST_HOST = "$(BUNDLE_LOADER)";
				WRAPPER_EXTENSION = xctest;
			};
			name = Release;
		};
/* End XCBuildConfiguration section */

/* Begin XCConfigurationList section */
		4479AC0418D21E7C00DA7A04 /* Build configuration list for PBXProject "SideMenu" */ = {
			isa = XCConfigurationList;
			buildConfigurations = (
				4479AC3918D21E7D00DA7A04 /* Debug */,
				4479AC3A18D21E7D00DA7A04 /* Release */,
			);
			defaultConfigurationIsVisible = 0;
			defaultConfigurationName = Release;
		};
		4479AC3B18D21E7D00DA7A04 /* Build configuration list for PBXNativeTarget "SideMenu" */ = {
			isa = XCConfigurationList;
			buildConfigurations = (
				4479AC3C18D21E7D00DA7A04 /* Debug */,
				4479AC3D18D21E7D00DA7A04 /* Release */,
			);
			defaultConfigurationIsVisible = 0;
		};
		4479AC3E18D21E7D00DA7A04 /* Build configuration list for PBXNativeTarget "SideMenuTests" */ = {
			isa = XCConfigurationList;
			buildConfigurations = (
				4479AC3F18D21E7D00DA7A04 /* Debug */,
				4479AC4018D21E7D00DA7A04 /* Release */,
			);
			defaultConfigurationIsVisible = 0;
		};
/* End XCConfigurationList section */
	};
	rootObject = 4479AC0118D21E7C00DA7A04 /* Project object */;
}
